
Microsoft Visual Studio Solution File, Format Version 12.00
# Visual Studio 15
VisualStudioVersion = 15.0.28218.60
MinimumVisualStudioVersion = 10.0.40219.1
Project("{9A19103F-16F7-4668-BE54-9A1E7A4F7556}") = "FlashCards.Avalonia", "FlashCards.Avalonia\FlashCards.Avalonia.csproj", "{12E40091-5637-4F74-9FDB-37BC64666FF1}"
EndProject
Project("{FAE04EC0-301F-11D3-BF4B-00C04F79EFBC}") = "FlashCards.Wpf", "FlashCards.Wpf\FlashCards.Wpf.csproj", "{C59B1D57-DE4F-4BCF-944D-17B0EA210F29}"
EndProject
Project("{9A19103F-16F7-4668-BE54-9A1E7A4F7556}") = "FlashCards.SharedLogic", "FlashCards.SharedLogic\FlashCards.SharedLogic.csproj", "{6750F694-E981-46C6-90E6-97584150B491}"
EndProject
Project("{9A19103F-16F7-4668-BE54-9A1E7A4F7556}") = "FlashCards.Data", "FlashCards.Data\FlashCards.Data.csproj", "{8494A1F0-3842-4D86-9389-A64E223F3E8A}"
EndProject
Project("{9A19103F-16F7-4668-BE54-9A1E7A4F7556}") = "FlashCards.Tests", "FlashCards.Tests\FlashCards.Tests.csproj", "{42E1E591-9628-4243-8D6E-DB7E64B36974}"
EndProject
Project("{FAE04EC0-301F-11D3-BF4B-00C04F79EFBC}") = "FlashCards.XamarinForms.Android", "FlashCards.XamarinForms\FlashCards.XamarinForms.Android\FlashCards.XamarinForms.Android.csproj", "{45D8B579-0797-4E87-B742-0F4BF71CC8E5}"
EndProject
Project("{FAE04EC0-301F-11D3-BF4B-00C04F79EFBC}") = "FlashCards.XamarinForms.iOS", "FlashCards.XamarinForms\FlashCards.XamarinForms.iOS\FlashCards.XamarinForms.iOS.csproj", "{329E0EF2-9EB2-4216-862E-5D9404213C28}"
EndProject
Project("{FAE04EC0-301F-11D3-BF4B-00C04F79EFBC}") = "FlashCards.XamarinForms.UWP", "FlashCards.XamarinForms\FlashCards.XamarinForms.UWP\FlashCards.XamarinForms.UWP.csproj", "{851E9D7C-F6CC-41B0-8959-B6E4CA5CC81E}"
EndProject
Project("{9A19103F-16F7-4668-BE54-9A1E7A4F7556}") = "FlashCards.XamarinForms", "FlashCards.XamarinForms\FlashCards.XamarinForms\FlashCards.XamarinForms.csproj", "{CB1525E2-9D7C-43CD-81C6-EEFA741AF821}"
EndProject
Project("{FAE04EC0-301F-11D3-BF4B-00C04F79EFBC}") = "FlashCards.Types", "FlashCards.Interfaces\FlashCards.Types.csproj", "{AF7350B8-9237-4F22-BE02-B7A9F8E5B870}"
EndProject
Global
	GlobalSection(SolutionConfigurationPlatforms) = preSolution
		Ad-Hoc|Any CPU = Ad-Hoc|Any CPU
		Ad-Hoc|ARM = Ad-Hoc|ARM
		Ad-Hoc|iPhone = Ad-Hoc|iPhone
		Ad-Hoc|iPhoneSimulator = Ad-Hoc|iPhoneSimulator
		Ad-Hoc|x64 = Ad-Hoc|x64
		Ad-Hoc|x86 = Ad-Hoc|x86
		AppStore|Any CPU = AppStore|Any CPU
		AppStore|ARM = AppStore|ARM
		AppStore|iPhone = AppStore|iPhone
		AppStore|iPhoneSimulator = AppStore|iPhoneSimulator
		AppStore|x64 = AppStore|x64
		AppStore|x86 = AppStore|x86
		Debug|Any CPU = Debug|Any CPU
		Debug|ARM = Debug|ARM
		Debug|iPhone = Debug|iPhone
		Debug|iPhoneSimulator = Debug|iPhoneSimulator
		Debug|x64 = Debug|x64
		Debug|x86 = Debug|x86
		Release|Any CPU = Release|Any CPU
		Release|ARM = Release|ARM
		Release|iPhone = Release|iPhone
		Release|iPhoneSimulator = Release|iPhoneSimulator
		Release|x64 = Release|x64
		Release|x86 = Release|x86
	EndGlobalSection
	GlobalSection(ProjectConfigurationPlatforms) = postSolution
		{12E40091-5637-4F74-9FDB-37BC64666FF1}.Ad-Hoc|Any CPU.ActiveCfg = Release|Any CPU
		{12E40091-5637-4F74-9FDB-37BC64666FF1}.Ad-Hoc|Any CPU.Build.0 = Release|Any CPU
		{12E40091-5637-4F74-9FDB-37BC64666FF1}.Ad-Hoc|ARM.ActiveCfg = Release|Any CPU
		{12E40091-5637-4F74-9FDB-37BC64666FF1}.Ad-Hoc|ARM.Build.0 = Release|Any CPU
		{12E40091-5637-4F74-9FDB-37BC64666FF1}.Ad-Hoc|iPhone.ActiveCfg = Release|Any CPU
		{12E40091-5637-4F74-9FDB-37BC64666FF1}.Ad-Hoc|iPhone.Build.0 = Release|Any CPU
		{12E40091-5637-4F74-9FDB-37BC64666FF1}.Ad-Hoc|iPhoneSimulator.ActiveCfg = Release|Any CPU
		{12E40091-5637-4F74-9FDB-37BC64666FF1}.Ad-Hoc|iPhoneSimulator.Build.0 = Release|Any CPU
		{12E40091-5637-4F74-9FDB-37BC64666FF1}.Ad-Hoc|x64.ActiveCfg = Release|Any CPU
		{12E40091-5637-4F74-9FDB-37BC64666FF1}.Ad-Hoc|x64.Build.0 = Release|Any CPU
		{12E40091-5637-4F74-9FDB-37BC64666FF1}.Ad-Hoc|x86.ActiveCfg = Release|Any CPU
		{12E40091-5637-4F74-9FDB-37BC64666FF1}.Ad-Hoc|x86.Build.0 = Release|Any CPU
		{12E40091-5637-4F74-9FDB-37BC64666FF1}.AppStore|Any CPU.ActiveCfg = Release|Any CPU
		{12E40091-5637-4F74-9FDB-37BC64666FF1}.AppStore|Any CPU.Build.0 = Release|Any CPU
		{12E40091-5637-4F74-9FDB-37BC64666FF1}.AppStore|ARM.ActiveCfg = Release|Any CPU
		{12E40091-5637-4F74-9FDB-37BC64666FF1}.AppStore|ARM.Build.0 = Release|Any CPU
		{12E40091-5637-4F74-9FDB-37BC64666FF1}.AppStore|iPhone.ActiveCfg = Release|Any CPU
		{12E40091-5637-4F74-9FDB-37BC64666FF1}.AppStore|iPhone.Build.0 = Release|Any CPU
		{12E40091-5637-4F74-9FDB-37BC64666FF1}.AppStore|iPhoneSimulator.ActiveCfg = Release|Any CPU
		{12E40091-5637-4F74-9FDB-37BC64666FF1}.AppStore|iPhoneSimulator.Build.0 = Release|Any CPU
		{12E40091-5637-4F74-9FDB-37BC64666FF1}.AppStore|x64.ActiveCfg = Release|Any CPU
		{12E40091-5637-4F74-9FDB-37BC64666FF1}.AppStore|x64.Build.0 = Release|Any CPU
		{12E40091-5637-4F74-9FDB-37BC64666FF1}.AppStore|x86.ActiveCfg = Release|Any CPU
		{12E40091-5637-4F74-9FDB-37BC64666FF1}.AppStore|x86.Build.0 = Release|Any CPU
		{12E40091-5637-4F74-9FDB-37BC64666FF1}.Debug|Any CPU.ActiveCfg = Debug|Any CPU
		{12E40091-5637-4F74-9FDB-37BC64666FF1}.Debug|Any CPU.Build.0 = Debug|Any CPU
		{12E40091-5637-4F74-9FDB-37BC64666FF1}.Debug|ARM.ActiveCfg = Debug|Any CPU
		{12E40091-5637-4F74-9FDB-37BC64666FF1}.Debug|ARM.Build.0 = Debug|Any CPU
		{12E40091-5637-4F74-9FDB-37BC64666FF1}.Debug|iPhone.ActiveCfg = Debug|Any CPU
		{12E40091-5637-4F74-9FDB-37BC64666FF1}.Debug|iPhone.Build.0 = Debug|Any CPU
		{12E40091-5637-4F74-9FDB-37BC64666FF1}.Debug|iPhoneSimulator.ActiveCfg = Debug|Any CPU
		{12E40091-5637-4F74-9FDB-37BC64666FF1}.Debug|iPhoneSimulator.Build.0 = Debug|Any CPU
		{12E40091-5637-4F74-9FDB-37BC64666FF1}.Debug|x64.ActiveCfg = Debug|Any CPU
		{12E40091-5637-4F74-9FDB-37BC64666FF1}.Debug|x64.Build.0 = Debug|Any CPU
		{12E40091-5637-4F74-9FDB-37BC64666FF1}.Debug|x86.ActiveCfg = Debug|Any CPU
		{12E40091-5637-4F74-9FDB-37BC64666FF1}.Debug|x86.Build.0 = Debug|Any CPU
		{12E40091-5637-4F74-9FDB-37BC64666FF1}.Release|Any CPU.ActiveCfg = Release|Any CPU
		{12E40091-5637-4F74-9FDB-37BC64666FF1}.Release|Any CPU.Build.0 = Release|Any CPU
		{12E40091-5637-4F74-9FDB-37BC64666FF1}.Release|ARM.ActiveCfg = Release|Any CPU
		{12E40091-5637-4F74-9FDB-37BC64666FF1}.Release|ARM.Build.0 = Release|Any CPU
		{12E40091-5637-4F74-9FDB-37BC64666FF1}.Release|iPhone.ActiveCfg = Release|Any CPU
		{12E40091-5637-4F74-9FDB-37BC64666FF1}.Release|iPhone.Build.0 = Release|Any CPU
		{12E40091-5637-4F74-9FDB-37BC64666FF1}.Release|iPhoneSimulator.ActiveCfg = Release|Any CPU
		{12E40091-5637-4F74-9FDB-37BC64666FF1}.Release|iPhoneSimulator.Build.0 = Release|Any CPU
		{12E40091-5637-4F74-9FDB-37BC64666FF1}.Release|x64.ActiveCfg = Release|Any CPU
		{12E40091-5637-4F74-9FDB-37BC64666FF1}.Release|x64.Build.0 = Release|Any CPU
		{12E40091-5637-4F74-9FDB-37BC64666FF1}.Release|x86.ActiveCfg = Release|Any CPU
		{12E40091-5637-4F74-9FDB-37BC64666FF1}.Release|x86.Build.0 = Release|Any CPU
		{C59B1D57-DE4F-4BCF-944D-17B0EA210F29}.Ad-Hoc|Any CPU.ActiveCfg = Release|Any CPU
		{C59B1D57-DE4F-4BCF-944D-17B0EA210F29}.Ad-Hoc|Any CPU.Build.0 = Release|Any CPU
		{C59B1D57-DE4F-4BCF-944D-17B0EA210F29}.Ad-Hoc|ARM.ActiveCfg = Release|Any CPU
		{C59B1D57-DE4F-4BCF-944D-17B0EA210F29}.Ad-Hoc|ARM.Build.0 = Release|Any CPU
		{C59B1D57-DE4F-4BCF-944D-17B0EA210F29}.Ad-Hoc|iPhone.ActiveCfg = Release|Any CPU
		{C59B1D57-DE4F-4BCF-944D-17B0EA210F29}.Ad-Hoc|iPhone.Build.0 = Release|Any CPU
		{C59B1D57-DE4F-4BCF-944D-17B0EA210F29}.Ad-Hoc|iPhoneSimulator.ActiveCfg = Release|Any CPU
		{C59B1D57-DE4F-4BCF-944D-17B0EA210F29}.Ad-Hoc|iPhoneSimulator.Build.0 = Release|Any CPU
		{C59B1D57-DE4F-4BCF-944D-17B0EA210F29}.Ad-Hoc|x64.ActiveCfg = Release|Any CPU
		{C59B1D57-DE4F-4BCF-944D-17B0EA210F29}.Ad-Hoc|x64.Build.0 = Release|Any CPU
		{C59B1D57-DE4F-4BCF-944D-17B0EA210F29}.Ad-Hoc|x86.ActiveCfg = Release|Any CPU
		{C59B1D57-DE4F-4BCF-944D-17B0EA210F29}.Ad-Hoc|x86.Build.0 = Release|Any CPU
		{C59B1D57-DE4F-4BCF-944D-17B0EA210F29}.AppStore|Any CPU.ActiveCfg = Release|Any CPU
		{C59B1D57-DE4F-4BCF-944D-17B0EA210F29}.AppStore|Any CPU.Build.0 = Release|Any CPU
		{C59B1D57-DE4F-4BCF-944D-17B0EA210F29}.AppStore|ARM.ActiveCfg = Release|Any CPU
		{C59B1D57-DE4F-4BCF-944D-17B0EA210F29}.AppStore|ARM.Build.0 = Release|Any CPU
		{C59B1D57-DE4F-4BCF-944D-17B0EA210F29}.AppStore|iPhone.ActiveCfg = Release|Any CPU
		{C59B1D57-DE4F-4BCF-944D-17B0EA210F29}.AppStore|iPhone.Build.0 = Release|Any CPU
		{C59B1D57-DE4F-4BCF-944D-17B0EA210F29}.AppStore|iPhoneSimulator.ActiveCfg = Release|Any CPU
		{C59B1D57-DE4F-4BCF-944D-17B0EA210F29}.AppStore|iPhoneSimulator.Build.0 = Release|Any CPU
		{C59B1D57-DE4F-4BCF-944D-17B0EA210F29}.AppStore|x64.ActiveCfg = Release|Any CPU
		{C59B1D57-DE4F-4BCF-944D-17B0EA210F29}.AppStore|x64.Build.0 = Release|Any CPU
		{C59B1D57-DE4F-4BCF-944D-17B0EA210F29}.AppStore|x86.ActiveCfg = Release|Any CPU
		{C59B1D57-DE4F-4BCF-944D-17B0EA210F29}.AppStore|x86.Build.0 = Release|Any CPU
		{C59B1D57-DE4F-4BCF-944D-17B0EA210F29}.Debug|Any CPU.ActiveCfg = Debug|Any CPU
		{C59B1D57-DE4F-4BCF-944D-17B0EA210F29}.Debug|Any CPU.Build.0 = Debug|Any CPU
		{C59B1D57-DE4F-4BCF-944D-17B0EA210F29}.Debug|ARM.ActiveCfg = Debug|Any CPU
		{C59B1D57-DE4F-4BCF-944D-17B0EA210F29}.Debug|ARM.Build.0 = Debug|Any CPU
		{C59B1D57-DE4F-4BCF-944D-17B0EA210F29}.Debug|iPhone.ActiveCfg = Debug|Any CPU
		{C59B1D57-DE4F-4BCF-944D-17B0EA210F29}.Debug|iPhone.Build.0 = Debug|Any CPU
		{C59B1D57-DE4F-4BCF-944D-17B0EA210F29}.Debug|iPhoneSimulator.ActiveCfg = Debug|Any CPU
		{C59B1D57-DE4F-4BCF-944D-17B0EA210F29}.Debug|iPhoneSimulator.Build.0 = Debug|Any CPU
		{C59B1D57-DE4F-4BCF-944D-17B0EA210F29}.Debug|x64.ActiveCfg = Debug|Any CPU
		{C59B1D57-DE4F-4BCF-944D-17B0EA210F29}.Debug|x64.Build.0 = Debug|Any CPU
		{C59B1D57-DE4F-4BCF-944D-17B0EA210F29}.Debug|x86.ActiveCfg = Debug|Any CPU
		{C59B1D57-DE4F-4BCF-944D-17B0EA210F29}.Debug|x86.Build.0 = Debug|Any CPU
		{C59B1D57-DE4F-4BCF-944D-17B0EA210F29}.Release|Any CPU.ActiveCfg = Release|Any CPU
		{C59B1D57-DE4F-4BCF-944D-17B0EA210F29}.Release|Any CPU.Build.0 = Release|Any CPU
		{C59B1D57-DE4F-4BCF-944D-17B0EA210F29}.Release|ARM.ActiveCfg = Release|Any CPU
		{C59B1D57-DE4F-4BCF-944D-17B0EA210F29}.Release|ARM.Build.0 = Release|Any CPU
		{C59B1D57-DE4F-4BCF-944D-17B0EA210F29}.Release|iPhone.ActiveCfg = Release|Any CPU
		{C59B1D57-DE4F-4BCF-944D-17B0EA210F29}.Release|iPhone.Build.0 = Release|Any CPU
		{C59B1D57-DE4F-4BCF-944D-17B0EA210F29}.Release|iPhoneSimulator.ActiveCfg = Release|Any CPU
		{C59B1D57-DE4F-4BCF-944D-17B0EA210F29}.Release|iPhoneSimulator.Build.0 = Release|Any CPU
		{C59B1D57-DE4F-4BCF-944D-17B0EA210F29}.Release|x64.ActiveCfg = Release|Any CPU
		{C59B1D57-DE4F-4BCF-944D-17B0EA210F29}.Release|x64.Build.0 = Release|Any CPU
		{C59B1D57-DE4F-4BCF-944D-17B0EA210F29}.Release|x86.ActiveCfg = Release|Any CPU
		{C59B1D57-DE4F-4BCF-944D-17B0EA210F29}.Release|x86.Build.0 = Release|Any CPU
		{6750F694-E981-46C6-90E6-97584150B491}.Ad-Hoc|Any CPU.ActiveCfg = Release|Any CPU
		{6750F694-E981-46C6-90E6-97584150B491}.Ad-Hoc|Any CPU.Build.0 = Release|Any CPU
		{6750F694-E981-46C6-90E6-97584150B491}.Ad-Hoc|ARM.ActiveCfg = Release|Any CPU
		{6750F694-E981-46C6-90E6-97584150B491}.Ad-Hoc|ARM.Build.0 = Release|Any CPU
		{6750F694-E981-46C6-90E6-97584150B491}.Ad-Hoc|iPhone.ActiveCfg = Release|Any CPU
		{6750F694-E981-46C6-90E6-97584150B491}.Ad-Hoc|iPhone.Build.0 = Release|Any CPU
		{6750F694-E981-46C6-90E6-97584150B491}.Ad-Hoc|iPhoneSimulator.ActiveCfg = Release|Any CPU
		{6750F694-E981-46C6-90E6-97584150B491}.Ad-Hoc|iPhoneSimulator.Build.0 = Release|Any CPU
		{6750F694-E981-46C6-90E6-97584150B491}.Ad-Hoc|x64.ActiveCfg = Release|Any CPU
		{6750F694-E981-46C6-90E6-97584150B491}.Ad-Hoc|x64.Build.0 = Release|Any CPU
		{6750F694-E981-46C6-90E6-97584150B491}.Ad-Hoc|x86.ActiveCfg = Release|Any CPU
		{6750F694-E981-46C6-90E6-97584150B491}.Ad-Hoc|x86.Build.0 = Release|Any CPU
		{6750F694-E981-46C6-90E6-97584150B491}.AppStore|Any CPU.ActiveCfg = Release|Any CPU
		{6750F694-E981-46C6-90E6-97584150B491}.AppStore|Any CPU.Build.0 = Release|Any CPU
		{6750F694-E981-46C6-90E6-97584150B491}.AppStore|ARM.ActiveCfg = Release|Any CPU
		{6750F694-E981-46C6-90E6-97584150B491}.AppStore|ARM.Build.0 = Release|Any CPU
		{6750F694-E981-46C6-90E6-97584150B491}.AppStore|iPhone.ActiveCfg = Release|Any CPU
		{6750F694-E981-46C6-90E6-97584150B491}.AppStore|iPhone.Build.0 = Release|Any CPU
		{6750F694-E981-46C6-90E6-97584150B491}.AppStore|iPhoneSimulator.ActiveCfg = Release|Any CPU
		{6750F694-E981-46C6-90E6-97584150B491}.AppStore|iPhoneSimulator.Build.0 = Release|Any CPU
		{6750F694-E981-46C6-90E6-97584150B491}.AppStore|x64.ActiveCfg = Release|Any CPU
		{6750F694-E981-46C6-90E6-97584150B491}.AppStore|x64.Build.0 = Release|Any CPU
		{6750F694-E981-46C6-90E6-97584150B491}.AppStore|x86.ActiveCfg = Release|Any CPU
		{6750F694-E981-46C6-90E6-97584150B491}.AppStore|x86.Build.0 = Release|Any CPU
		{6750F694-E981-46C6-90E6-97584150B491}.Debug|Any CPU.ActiveCfg = Debug|Any CPU
		{6750F694-E981-46C6-90E6-97584150B491}.Debug|Any CPU.Build.0 = Debug|Any CPU
		{6750F694-E981-46C6-90E6-97584150B491}.Debug|ARM.ActiveCfg = Debug|Any CPU
		{6750F694-E981-46C6-90E6-97584150B491}.Debug|ARM.Build.0 = Debug|Any CPU
		{6750F694-E981-46C6-90E6-97584150B491}.Debug|iPhone.ActiveCfg = Debug|Any CPU
		{6750F694-E981-46C6-90E6-97584150B491}.Debug|iPhone.Build.0 = Debug|Any CPU
		{6750F694-E981-46C6-90E6-97584150B491}.Debug|iPhoneSimulator.ActiveCfg = Debug|Any CPU
		{6750F694-E981-46C6-90E6-97584150B491}.Debug|iPhoneSimulator.Build.0 = Debug|Any CPU
		{6750F694-E981-46C6-90E6-97584150B491}.Debug|x64.ActiveCfg = Debug|Any CPU
		{6750F694-E981-46C6-90E6-97584150B491}.Debug|x64.Build.0 = Debug|Any CPU
		{6750F694-E981-46C6-90E6-97584150B491}.Debug|x86.ActiveCfg = Debug|Any CPU
		{6750F694-E981-46C6-90E6-97584150B491}.Debug|x86.Build.0 = Debug|Any CPU
		{6750F694-E981-46C6-90E6-97584150B491}.Release|Any CPU.ActiveCfg = Release|Any CPU
		{6750F694-E981-46C6-90E6-97584150B491}.Release|Any CPU.Build.0 = Release|Any CPU
		{6750F694-E981-46C6-90E6-97584150B491}.Release|ARM.ActiveCfg = Release|Any CPU
		{6750F694-E981-46C6-90E6-97584150B491}.Release|ARM.Build.0 = Release|Any CPU
		{6750F694-E981-46C6-90E6-97584150B491}.Release|iPhone.ActiveCfg = Release|Any CPU
		{6750F694-E981-46C6-90E6-97584150B491}.Release|iPhone.Build.0 = Release|Any CPU
		{6750F694-E981-46C6-90E6-97584150B491}.Release|iPhoneSimulator.ActiveCfg = Release|Any CPU
		{6750F694-E981-46C6-90E6-97584150B491}.Release|iPhoneSimulator.Build.0 = Release|Any CPU
		{6750F694-E981-46C6-90E6-97584150B491}.Release|x64.ActiveCfg = Release|Any CPU
		{6750F694-E981-46C6-90E6-97584150B491}.Release|x64.Build.0 = Release|Any CPU
		{6750F694-E981-46C6-90E6-97584150B491}.Release|x86.ActiveCfg = Release|Any CPU
		{6750F694-E981-46C6-90E6-97584150B491}.Release|x86.Build.0 = Release|Any CPU
		{8494A1F0-3842-4D86-9389-A64E223F3E8A}.Ad-Hoc|Any CPU.ActiveCfg = Release|Any CPU
		{8494A1F0-3842-4D86-9389-A64E223F3E8A}.Ad-Hoc|Any CPU.Build.0 = Release|Any CPU
		{8494A1F0-3842-4D86-9389-A64E223F3E8A}.Ad-Hoc|ARM.ActiveCfg = Release|Any CPU
		{8494A1F0-3842-4D86-9389-A64E223F3E8A}.Ad-Hoc|ARM.Build.0 = Release|Any CPU
		{8494A1F0-3842-4D86-9389-A64E223F3E8A}.Ad-Hoc|iPhone.ActiveCfg = Release|Any CPU
		{8494A1F0-3842-4D86-9389-A64E223F3E8A}.Ad-Hoc|iPhone.Build.0 = Release|Any CPU
		{8494A1F0-3842-4D86-9389-A64E223F3E8A}.Ad-Hoc|iPhoneSimulator.ActiveCfg = Release|Any CPU
		{8494A1F0-3842-4D86-9389-A64E223F3E8A}.Ad-Hoc|iPhoneSimulator.Build.0 = Release|Any CPU
		{8494A1F0-3842-4D86-9389-A64E223F3E8A}.Ad-Hoc|x64.ActiveCfg = Release|Any CPU
		{8494A1F0-3842-4D86-9389-A64E223F3E8A}.Ad-Hoc|x64.Build.0 = Release|Any CPU
		{8494A1F0-3842-4D86-9389-A64E223F3E8A}.Ad-Hoc|x86.ActiveCfg = Release|Any CPU
		{8494A1F0-3842-4D86-9389-A64E223F3E8A}.Ad-Hoc|x86.Build.0 = Release|Any CPU
		{8494A1F0-3842-4D86-9389-A64E223F3E8A}.AppStore|Any CPU.ActiveCfg = Release|Any CPU
		{8494A1F0-3842-4D86-9389-A64E223F3E8A}.AppStore|Any CPU.Build.0 = Release|Any CPU
		{8494A1F0-3842-4D86-9389-A64E223F3E8A}.AppStore|ARM.ActiveCfg = Release|Any CPU
		{8494A1F0-3842-4D86-9389-A64E223F3E8A}.AppStore|ARM.Build.0 = Release|Any CPU
		{8494A1F0-3842-4D86-9389-A64E223F3E8A}.AppStore|iPhone.ActiveCfg = Release|Any CPU
		{8494A1F0-3842-4D86-9389-A64E223F3E8A}.AppStore|iPhone.Build.0 = Release|Any CPU
		{8494A1F0-3842-4D86-9389-A64E223F3E8A}.AppStore|iPhoneSimulator.ActiveCfg = Release|Any CPU
		{8494A1F0-3842-4D86-9389-A64E223F3E8A}.AppStore|iPhoneSimulator.Build.0 = Release|Any CPU
		{8494A1F0-3842-4D86-9389-A64E223F3E8A}.AppStore|x64.ActiveCfg = Release|Any CPU
		{8494A1F0-3842-4D86-9389-A64E223F3E8A}.AppStore|x64.Build.0 = Release|Any CPU
		{8494A1F0-3842-4D86-9389-A64E223F3E8A}.AppStore|x86.ActiveCfg = Release|Any CPU
		{8494A1F0-3842-4D86-9389-A64E223F3E8A}.AppStore|x86.Build.0 = Release|Any CPU
		{8494A1F0-3842-4D86-9389-A64E223F3E8A}.Debug|Any CPU.ActiveCfg = Debug|Any CPU
		{8494A1F0-3842-4D86-9389-A64E223F3E8A}.Debug|Any CPU.Build.0 = Debug|Any CPU
		{8494A1F0-3842-4D86-9389-A64E223F3E8A}.Debug|ARM.ActiveCfg = Debug|Any CPU
		{8494A1F0-3842-4D86-9389-A64E223F3E8A}.Debug|ARM.Build.0 = Debug|Any CPU
		{8494A1F0-3842-4D86-9389-A64E223F3E8A}.Debug|iPhone.ActiveCfg = Debug|Any CPU
		{8494A1F0-3842-4D86-9389-A64E223F3E8A}.Debug|iPhone.Build.0 = Debug|Any CPU
		{8494A1F0-3842-4D86-9389-A64E223F3E8A}.Debug|iPhoneSimulator.ActiveCfg = Debug|Any CPU
		{8494A1F0-3842-4D86-9389-A64E223F3E8A}.Debug|iPhoneSimulator.Build.0 = Debug|Any CPU
		{8494A1F0-3842-4D86-9389-A64E223F3E8A}.Debug|x64.ActiveCfg = Debug|Any CPU
		{8494A1F0-3842-4D86-9389-A64E223F3E8A}.Debug|x64.Build.0 = Debug|Any CPU
		{8494A1F0-3842-4D86-9389-A64E223F3E8A}.Debug|x86.ActiveCfg = Debug|Any CPU
		{8494A1F0-3842-4D86-9389-A64E223F3E8A}.Debug|x86.Build.0 = Debug|Any CPU
		{8494A1F0-3842-4D86-9389-A64E223F3E8A}.Release|Any CPU.ActiveCfg = Release|Any CPU
		{8494A1F0-3842-4D86-9389-A64E223F3E8A}.Release|Any CPU.Build.0 = Release|Any CPU
		{8494A1F0-3842-4D86-9389-A64E223F3E8A}.Release|ARM.ActiveCfg = Release|Any CPU
		{8494A1F0-3842-4D86-9389-A64E223F3E8A}.Release|ARM.Build.0 = Release|Any CPU
		{8494A1F0-3842-4D86-9389-A64E223F3E8A}.Release|iPhone.ActiveCfg = Release|Any CPU
		{8494A1F0-3842-4D86-9389-A64E223F3E8A}.Release|iPhone.Build.0 = Release|Any CPU
		{8494A1F0-3842-4D86-9389-A64E223F3E8A}.Release|iPhoneSimulator.ActiveCfg = Release|Any CPU
		{8494A1F0-3842-4D86-9389-A64E223F3E8A}.Release|iPhoneSimulator.Build.0 = Release|Any CPU
		{8494A1F0-3842-4D86-9389-A64E223F3E8A}.Release|x64.ActiveCfg = Release|Any CPU
		{8494A1F0-3842-4D86-9389-A64E223F3E8A}.Release|x64.Build.0 = Release|Any CPU
		{8494A1F0-3842-4D86-9389-A64E223F3E8A}.Release|x86.ActiveCfg = Release|Any CPU
		{8494A1F0-3842-4D86-9389-A64E223F3E8A}.Release|x86.Build.0 = Release|Any CPU
		{42E1E591-9628-4243-8D6E-DB7E64B36974}.Ad-Hoc|Any CPU.ActiveCfg = Release|Any CPU
		{42E1E591-9628-4243-8D6E-DB7E64B36974}.Ad-Hoc|Any CPU.Build.0 = Release|Any CPU
		{42E1E591-9628-4243-8D6E-DB7E64B36974}.Ad-Hoc|ARM.ActiveCfg = Release|Any CPU
		{42E1E591-9628-4243-8D6E-DB7E64B36974}.Ad-Hoc|ARM.Build.0 = Release|Any CPU
		{42E1E591-9628-4243-8D6E-DB7E64B36974}.Ad-Hoc|iPhone.ActiveCfg = Release|Any CPU
		{42E1E591-9628-4243-8D6E-DB7E64B36974}.Ad-Hoc|iPhone.Build.0 = Release|Any CPU
		{42E1E591-9628-4243-8D6E-DB7E64B36974}.Ad-Hoc|iPhoneSimulator.ActiveCfg = Release|Any CPU
		{42E1E591-9628-4243-8D6E-DB7E64B36974}.Ad-Hoc|iPhoneSimulator.Build.0 = Release|Any CPU
		{42E1E591-9628-4243-8D6E-DB7E64B36974}.Ad-Hoc|x64.ActiveCfg = Release|Any CPU
		{42E1E591-9628-4243-8D6E-DB7E64B36974}.Ad-Hoc|x64.Build.0 = Release|Any CPU
		{42E1E591-9628-4243-8D6E-DB7E64B36974}.Ad-Hoc|x86.ActiveCfg = Release|Any CPU
		{42E1E591-9628-4243-8D6E-DB7E64B36974}.Ad-Hoc|x86.Build.0 = Release|Any CPU
		{42E1E591-9628-4243-8D6E-DB7E64B36974}.AppStore|Any CPU.ActiveCfg = Release|Any CPU
		{42E1E591-9628-4243-8D6E-DB7E64B36974}.AppStore|Any CPU.Build.0 = Release|Any CPU
		{42E1E591-9628-4243-8D6E-DB7E64B36974}.AppStore|ARM.ActiveCfg = Release|Any CPU
		{42E1E591-9628-4243-8D6E-DB7E64B36974}.AppStore|ARM.Build.0 = Release|Any CPU
		{42E1E591-9628-4243-8D6E-DB7E64B36974}.AppStore|iPhone.ActiveCfg = Release|Any CPU
		{42E1E591-9628-4243-8D6E-DB7E64B36974}.AppStore|iPhone.Build.0 = Release|Any CPU
		{42E1E591-9628-4243-8D6E-DB7E64B36974}.AppStore|iPhoneSimulator.ActiveCfg = Release|Any CPU
		{42E1E591-9628-4243-8D6E-DB7E64B36974}.AppStore|iPhoneSimulator.Build.0 = Release|Any CPU
		{42E1E591-9628-4243-8D6E-DB7E64B36974}.AppStore|x64.ActiveCfg = Release|Any CPU
		{42E1E591-9628-4243-8D6E-DB7E64B36974}.AppStore|x64.Build.0 = Release|Any CPU
		{42E1E591-9628-4243-8D6E-DB7E64B36974}.AppStore|x86.ActiveCfg = Release|Any CPU
		{42E1E591-9628-4243-8D6E-DB7E64B36974}.AppStore|x86.Build.0 = Release|Any CPU
		{42E1E591-9628-4243-8D6E-DB7E64B36974}.Debug|Any CPU.ActiveCfg = Debug|Any CPU
		{42E1E591-9628-4243-8D6E-DB7E64B36974}.Debug|Any CPU.Build.0 = Debug|Any CPU
		{42E1E591-9628-4243-8D6E-DB7E64B36974}.Debug|ARM.ActiveCfg = Debug|Any CPU
		{42E1E591-9628-4243-8D6E-DB7E64B36974}.Debug|ARM.Build.0 = Debug|Any CPU
		{42E1E591-9628-4243-8D6E-DB7E64B36974}.Debug|iPhone.ActiveCfg = Debug|Any CPU
		{42E1E591-9628-4243-8D6E-DB7E64B36974}.Debug|iPhone.Build.0 = Debug|Any CPU
		{42E1E591-9628-4243-8D6E-DB7E64B36974}.Debug|iPhoneSimulator.ActiveCfg = Debug|Any CPU
		{42E1E591-9628-4243-8D6E-DB7E64B36974}.Debug|iPhoneSimulator.Build.0 = Debug|Any CPU
		{42E1E591-9628-4243-8D6E-DB7E64B36974}.Debug|x64.ActiveCfg = Debug|Any CPU
		{42E1E591-9628-4243-8D6E-DB7E64B36974}.Debug|x64.Build.0 = Debug|Any CPU
		{42E1E591-9628-4243-8D6E-DB7E64B36974}.Debug|x86.ActiveCfg = Debug|Any CPU
		{42E1E591-9628-4243-8D6E-DB7E64B36974}.Debug|x86.Build.0 = Debug|Any CPU
		{42E1E591-9628-4243-8D6E-DB7E64B36974}.Release|Any CPU.ActiveCfg = Release|Any CPU
		{42E1E591-9628-4243-8D6E-DB7E64B36974}.Release|Any CPU.Build.0 = Release|Any CPU
		{42E1E591-9628-4243-8D6E-DB7E64B36974}.Release|ARM.ActiveCfg = Release|Any CPU
		{42E1E591-9628-4243-8D6E-DB7E64B36974}.Release|ARM.Build.0 = Release|Any CPU
		{42E1E591-9628-4243-8D6E-DB7E64B36974}.Release|iPhone.ActiveCfg = Release|Any CPU
		{42E1E591-9628-4243-8D6E-DB7E64B36974}.Release|iPhone.Build.0 = Release|Any CPU
		{42E1E591-9628-4243-8D6E-DB7E64B36974}.Release|iPhoneSimulator.ActiveCfg = Release|Any CPU
		{42E1E591-9628-4243-8D6E-DB7E64B36974}.Release|iPhoneSimulator.Build.0 = Release|Any CPU
		{42E1E591-9628-4243-8D6E-DB7E64B36974}.Release|x64.ActiveCfg = Release|Any CPU
		{42E1E591-9628-4243-8D6E-DB7E64B36974}.Release|x64.Build.0 = Release|Any CPU
		{42E1E591-9628-4243-8D6E-DB7E64B36974}.Release|x86.ActiveCfg = Release|Any CPU
		{42E1E591-9628-4243-8D6E-DB7E64B36974}.Release|x86.Build.0 = Release|Any CPU
		{45D8B579-0797-4E87-B742-0F4BF71CC8E5}.Ad-Hoc|Any CPU.ActiveCfg = Release|Any CPU
		{45D8B579-0797-4E87-B742-0F4BF71CC8E5}.Ad-Hoc|Any CPU.Build.0 = Release|Any CPU
		{45D8B579-0797-4E87-B742-0F4BF71CC8E5}.Ad-Hoc|Any CPU.Deploy.0 = Release|Any CPU
		{45D8B579-0797-4E87-B742-0F4BF71CC8E5}.Ad-Hoc|ARM.ActiveCfg = Release|Any CPU
		{45D8B579-0797-4E87-B742-0F4BF71CC8E5}.Ad-Hoc|ARM.Build.0 = Release|Any CPU
		{45D8B579-0797-4E87-B742-0F4BF71CC8E5}.Ad-Hoc|ARM.Deploy.0 = Release|Any CPU
		{45D8B579-0797-4E87-B742-0F4BF71CC8E5}.Ad-Hoc|iPhone.ActiveCfg = Release|Any CPU
		{45D8B579-0797-4E87-B742-0F4BF71CC8E5}.Ad-Hoc|iPhone.Build.0 = Release|Any CPU
		{45D8B579-0797-4E87-B742-0F4BF71CC8E5}.Ad-Hoc|iPhone.Deploy.0 = Release|Any CPU
		{45D8B579-0797-4E87-B742-0F4BF71CC8E5}.Ad-Hoc|iPhoneSimulator.ActiveCfg = Release|Any CPU
		{45D8B579-0797-4E87-B742-0F4BF71CC8E5}.Ad-Hoc|iPhoneSimulator.Build.0 = Release|Any CPU
		{45D8B579-0797-4E87-B742-0F4BF71CC8E5}.Ad-Hoc|iPhoneSimulator.Deploy.0 = Release|Any CPU
		{45D8B579-0797-4E87-B742-0F4BF71CC8E5}.Ad-Hoc|x64.ActiveCfg = Release|Any CPU
		{45D8B579-0797-4E87-B742-0F4BF71CC8E5}.Ad-Hoc|x64.Build.0 = Release|Any CPU
		{45D8B579-0797-4E87-B742-0F4BF71CC8E5}.Ad-Hoc|x64.Deploy.0 = Release|Any CPU
		{45D8B579-0797-4E87-B742-0F4BF71CC8E5}.Ad-Hoc|x86.ActiveCfg = Release|Any CPU
		{45D8B579-0797-4E87-B742-0F4BF71CC8E5}.Ad-Hoc|x86.Build.0 = Release|Any CPU
		{45D8B579-0797-4E87-B742-0F4BF71CC8E5}.Ad-Hoc|x86.Deploy.0 = Release|Any CPU
		{45D8B579-0797-4E87-B742-0F4BF71CC8E5}.AppStore|Any CPU.ActiveCfg = Release|Any CPU
		{45D8B579-0797-4E87-B742-0F4BF71CC8E5}.AppStore|Any CPU.Build.0 = Release|Any CPU
		{45D8B579-0797-4E87-B742-0F4BF71CC8E5}.AppStore|Any CPU.Deploy.0 = Release|Any CPU
		{45D8B579-0797-4E87-B742-0F4BF71CC8E5}.AppStore|ARM.ActiveCfg = Release|Any CPU
		{45D8B579-0797-4E87-B742-0F4BF71CC8E5}.AppStore|ARM.Build.0 = Release|Any CPU
		{45D8B579-0797-4E87-B742-0F4BF71CC8E5}.AppStore|ARM.Deploy.0 = Release|Any CPU
		{45D8B579-0797-4E87-B742-0F4BF71CC8E5}.AppStore|iPhone.ActiveCfg = Release|Any CPU
		{45D8B579-0797-4E87-B742-0F4BF71CC8E5}.AppStore|iPhone.Build.0 = Release|Any CPU
		{45D8B579-0797-4E87-B742-0F4BF71CC8E5}.AppStore|iPhone.Deploy.0 = Release|Any CPU
		{45D8B579-0797-4E87-B742-0F4BF71CC8E5}.AppStore|iPhoneSimulator.ActiveCfg = Release|Any CPU
		{45D8B579-0797-4E87-B742-0F4BF71CC8E5}.AppStore|iPhoneSimulator.Build.0 = Release|Any CPU
		{45D8B579-0797-4E87-B742-0F4BF71CC8E5}.AppStore|iPhoneSimulator.Deploy.0 = Release|Any CPU
		{45D8B579-0797-4E87-B742-0F4BF71CC8E5}.AppStore|x64.ActiveCfg = Release|Any CPU
		{45D8B579-0797-4E87-B742-0F4BF71CC8E5}.AppStore|x64.Build.0 = Release|Any CPU
		{45D8B579-0797-4E87-B742-0F4BF71CC8E5}.AppStore|x64.Deploy.0 = Release|Any CPU
		{45D8B579-0797-4E87-B742-0F4BF71CC8E5}.AppStore|x86.ActiveCfg = Release|Any CPU
		{45D8B579-0797-4E87-B742-0F4BF71CC8E5}.AppStore|x86.Build.0 = Release|Any CPU
		{45D8B579-0797-4E87-B742-0F4BF71CC8E5}.AppStore|x86.Deploy.0 = Release|Any CPU
		{45D8B579-0797-4E87-B742-0F4BF71CC8E5}.Debug|Any CPU.ActiveCfg = Debug|Any CPU
		{45D8B579-0797-4E87-B742-0F4BF71CC8E5}.Debug|Any CPU.Build.0 = Debug|Any CPU
		{45D8B579-0797-4E87-B742-0F4BF71CC8E5}.Debug|Any CPU.Deploy.0 = Debug|Any CPU
		{45D8B579-0797-4E87-B742-0F4BF71CC8E5}.Debug|ARM.ActiveCfg = Debug|Any CPU
		{45D8B579-0797-4E87-B742-0F4BF71CC8E5}.Debug|ARM.Build.0 = Debug|Any CPU
		{45D8B579-0797-4E87-B742-0F4BF71CC8E5}.Debug|ARM.Deploy.0 = Debug|Any CPU
		{45D8B579-0797-4E87-B742-0F4BF71CC8E5}.Debug|iPhone.ActiveCfg = Debug|Any CPU
		{45D8B579-0797-4E87-B742-0F4BF71CC8E5}.Debug|iPhone.Build.0 = Debug|Any CPU
		{45D8B579-0797-4E87-B742-0F4BF71CC8E5}.Debug|iPhone.Deploy.0 = Debug|Any CPU
		{45D8B579-0797-4E87-B742-0F4BF71CC8E5}.Debug|iPhoneSimulator.ActiveCfg = Debug|Any CPU
		{45D8B579-0797-4E87-B742-0F4BF71CC8E5}.Debug|iPhoneSimulator.Build.0 = Debug|Any CPU
		{45D8B579-0797-4E87-B742-0F4BF71CC8E5}.Debug|iPhoneSimulator.Deploy.0 = Debug|Any CPU
		{45D8B579-0797-4E87-B742-0F4BF71CC8E5}.Debug|x64.ActiveCfg = Debug|Any CPU
		{45D8B579-0797-4E87-B742-0F4BF71CC8E5}.Debug|x64.Build.0 = Debug|Any CPU
		{45D8B579-0797-4E87-B742-0F4BF71CC8E5}.Debug|x64.Deploy.0 = Debug|Any CPU
		{45D8B579-0797-4E87-B742-0F4BF71CC8E5}.Debug|x86.ActiveCfg = Debug|Any CPU
		{45D8B579-0797-4E87-B742-0F4BF71CC8E5}.Debug|x86.Build.0 = Debug|Any CPU
		{45D8B579-0797-4E87-B742-0F4BF71CC8E5}.Debug|x86.Deploy.0 = Debug|Any CPU
		{45D8B579-0797-4E87-B742-0F4BF71CC8E5}.Release|Any CPU.ActiveCfg = Release|Any CPU
		{45D8B579-0797-4E87-B742-0F4BF71CC8E5}.Release|Any CPU.Build.0 = Release|Any CPU
		{45D8B579-0797-4E87-B742-0F4BF71CC8E5}.Release|Any CPU.Deploy.0 = Release|Any CPU
		{45D8B579-0797-4E87-B742-0F4BF71CC8E5}.Release|ARM.ActiveCfg = Release|Any CPU
		{45D8B579-0797-4E87-B742-0F4BF71CC8E5}.Release|ARM.Build.0 = Release|Any CPU
		{45D8B579-0797-4E87-B742-0F4BF71CC8E5}.Release|ARM.Deploy.0 = Release|Any CPU
		{45D8B579-0797-4E87-B742-0F4BF71CC8E5}.Release|iPhone.ActiveCfg = Release|Any CPU
		{45D8B579-0797-4E87-B742-0F4BF71CC8E5}.Release|iPhone.Build.0 = Release|Any CPU
		{45D8B579-0797-4E87-B742-0F4BF71CC8E5}.Release|iPhone.Deploy.0 = Release|Any CPU
		{45D8B579-0797-4E87-B742-0F4BF71CC8E5}.Release|iPhoneSimulator.ActiveCfg = Release|Any CPU
		{45D8B579-0797-4E87-B742-0F4BF71CC8E5}.Release|iPhoneSimulator.Build.0 = Release|Any CPU
		{45D8B579-0797-4E87-B742-0F4BF71CC8E5}.Release|iPhoneSimulator.Deploy.0 = Release|Any CPU
		{45D8B579-0797-4E87-B742-0F4BF71CC8E5}.Release|x64.ActiveCfg = Release|Any CPU
		{45D8B579-0797-4E87-B742-0F4BF71CC8E5}.Release|x64.Build.0 = Release|Any CPU
		{45D8B579-0797-4E87-B742-0F4BF71CC8E5}.Release|x64.Deploy.0 = Release|Any CPU
		{45D8B579-0797-4E87-B742-0F4BF71CC8E5}.Release|x86.ActiveCfg = Release|Any CPU
		{45D8B579-0797-4E87-B742-0F4BF71CC8E5}.Release|x86.Build.0 = Release|Any CPU
		{45D8B579-0797-4E87-B742-0F4BF71CC8E5}.Release|x86.Deploy.0 = Release|Any CPU
		{329E0EF2-9EB2-4216-862E-5D9404213C28}.Ad-Hoc|Any CPU.ActiveCfg = Ad-Hoc|iPhone
		{329E0EF2-9EB2-4216-862E-5D9404213C28}.Ad-Hoc|ARM.ActiveCfg = Ad-Hoc|iPhone
		{329E0EF2-9EB2-4216-862E-5D9404213C28}.Ad-Hoc|iPhone.ActiveCfg = Ad-Hoc|iPhone
		{329E0EF2-9EB2-4216-862E-5D9404213C28}.Ad-Hoc|iPhone.Build.0 = Ad-Hoc|iPhone
		{329E0EF2-9EB2-4216-862E-5D9404213C28}.Ad-Hoc|iPhoneSimulator.ActiveCfg = Ad-Hoc|iPhoneSimulator
		{329E0EF2-9EB2-4216-862E-5D9404213C28}.Ad-Hoc|iPhoneSimulator.Build.0 = Ad-Hoc|iPhoneSimulator
		{329E0EF2-9EB2-4216-862E-5D9404213C28}.Ad-Hoc|x64.ActiveCfg = Ad-Hoc|iPhone
		{329E0EF2-9EB2-4216-862E-5D9404213C28}.Ad-Hoc|x86.ActiveCfg = Ad-Hoc|iPhone
		{329E0EF2-9EB2-4216-862E-5D9404213C28}.AppStore|Any CPU.ActiveCfg = AppStore|iPhone
		{329E0EF2-9EB2-4216-862E-5D9404213C28}.AppStore|ARM.ActiveCfg = AppStore|iPhone
		{329E0EF2-9EB2-4216-862E-5D9404213C28}.AppStore|iPhone.ActiveCfg = AppStore|iPhone
		{329E0EF2-9EB2-4216-862E-5D9404213C28}.AppStore|iPhone.Build.0 = AppStore|iPhone
		{329E0EF2-9EB2-4216-862E-5D9404213C28}.AppStore|iPhoneSimulator.ActiveCfg = AppStore|iPhoneSimulator
		{329E0EF2-9EB2-4216-862E-5D9404213C28}.AppStore|iPhoneSimulator.Build.0 = AppStore|iPhoneSimulator
		{329E0EF2-9EB2-4216-862E-5D9404213C28}.AppStore|x64.ActiveCfg = AppStore|iPhone
		{329E0EF2-9EB2-4216-862E-5D9404213C28}.AppStore|x86.ActiveCfg = AppStore|iPhone
		{329E0EF2-9EB2-4216-862E-5D9404213C28}.Debug|Any CPU.ActiveCfg = Debug|iPhone
		{329E0EF2-9EB2-4216-862E-5D9404213C28}.Debug|ARM.ActiveCfg = Debug|iPhone
		{329E0EF2-9EB2-4216-862E-5D9404213C28}.Debug|iPhone.ActiveCfg = Debug|iPhone
		{329E0EF2-9EB2-4216-862E-5D9404213C28}.Debug|iPhone.Build.0 = Debug|iPhone
		{329E0EF2-9EB2-4216-862E-5D9404213C28}.Debug|iPhoneSimulator.ActiveCfg = Debug|iPhoneSimulator
		{329E0EF2-9EB2-4216-862E-5D9404213C28}.Debug|iPhoneSimulator.Build.0 = Debug|iPhoneSimulator
		{329E0EF2-9EB2-4216-862E-5D9404213C28}.Debug|x64.ActiveCfg = Debug|iPhone
		{329E0EF2-9EB2-4216-862E-5D9404213C28}.Debug|x86.ActiveCfg = Debug|iPhone
		{329E0EF2-9EB2-4216-862E-5D9404213C28}.Release|Any CPU.ActiveCfg = Release|iPhone
		{329E0EF2-9EB2-4216-862E-5D9404213C28}.Release|ARM.ActiveCfg = Release|iPhone
		{329E0EF2-9EB2-4216-862E-5D9404213C28}.Release|iPhone.ActiveCfg = Release|iPhone
		{329E0EF2-9EB2-4216-862E-5D9404213C28}.Release|iPhone.Build.0 = Release|iPhone
		{329E0EF2-9EB2-4216-862E-5D9404213C28}.Release|iPhoneSimulator.ActiveCfg = Release|iPhoneSimulator
		{329E0EF2-9EB2-4216-862E-5D9404213C28}.Release|iPhoneSimulator.Build.0 = Release|iPhoneSimulator
		{329E0EF2-9EB2-4216-862E-5D9404213C28}.Release|x64.ActiveCfg = Release|iPhone
		{329E0EF2-9EB2-4216-862E-5D9404213C28}.Release|x86.ActiveCfg = Release|iPhone
		{851E9D7C-F6CC-41B0-8959-B6E4CA5CC81E}.Ad-Hoc|Any CPU.ActiveCfg = Release|x86
		{851E9D7C-F6CC-41B0-8959-B6E4CA5CC81E}.Ad-Hoc|Any CPU.Build.0 = Release|x86
		{851E9D7C-F6CC-41B0-8959-B6E4CA5CC81E}.Ad-Hoc|Any CPU.Deploy.0 = Release|x86
		{851E9D7C-F6CC-41B0-8959-B6E4CA5CC81E}.Ad-Hoc|ARM.ActiveCfg = Release|ARM
		{851E9D7C-F6CC-41B0-8959-B6E4CA5CC81E}.Ad-Hoc|ARM.Build.0 = Release|ARM
		{851E9D7C-F6CC-41B0-8959-B6E4CA5CC81E}.Ad-Hoc|ARM.Deploy.0 = Release|ARM
		{851E9D7C-F6CC-41B0-8959-B6E4CA5CC81E}.Ad-Hoc|iPhone.ActiveCfg = Release|x86
		{851E9D7C-F6CC-41B0-8959-B6E4CA5CC81E}.Ad-Hoc|iPhone.Build.0 = Release|x86
		{851E9D7C-F6CC-41B0-8959-B6E4CA5CC81E}.Ad-Hoc|iPhone.Deploy.0 = Release|x86
		{851E9D7C-F6CC-41B0-8959-B6E4CA5CC81E}.Ad-Hoc|iPhoneSimulator.ActiveCfg = Release|x86
		{851E9D7C-F6CC-41B0-8959-B6E4CA5CC81E}.Ad-Hoc|iPhoneSimulator.Build.0 = Release|x86
		{851E9D7C-F6CC-41B0-8959-B6E4CA5CC81E}.Ad-Hoc|iPhoneSimulator.Deploy.0 = Release|x86
		{851E9D7C-F6CC-41B0-8959-B6E4CA5CC81E}.Ad-Hoc|x64.ActiveCfg = Release|x64
		{851E9D7C-F6CC-41B0-8959-B6E4CA5CC81E}.Ad-Hoc|x64.Build.0 = Release|x64
		{851E9D7C-F6CC-41B0-8959-B6E4CA5CC81E}.Ad-Hoc|x64.Deploy.0 = Release|x64
		{851E9D7C-F6CC-41B0-8959-B6E4CA5CC81E}.Ad-Hoc|x86.ActiveCfg = Release|x86
		{851E9D7C-F6CC-41B0-8959-B6E4CA5CC81E}.Ad-Hoc|x86.Build.0 = Release|x86
		{851E9D7C-F6CC-41B0-8959-B6E4CA5CC81E}.Ad-Hoc|x86.Deploy.0 = Release|x86
		{851E9D7C-F6CC-41B0-8959-B6E4CA5CC81E}.AppStore|Any CPU.ActiveCfg = Release|x86
		{851E9D7C-F6CC-41B0-8959-B6E4CA5CC81E}.AppStore|Any CPU.Build.0 = Release|x86
		{851E9D7C-F6CC-41B0-8959-B6E4CA5CC81E}.AppStore|Any CPU.Deploy.0 = Release|x86
		{851E9D7C-F6CC-41B0-8959-B6E4CA5CC81E}.AppStore|ARM.ActiveCfg = Release|ARM
		{851E9D7C-F6CC-41B0-8959-B6E4CA5CC81E}.AppStore|ARM.Build.0 = Release|ARM
		{851E9D7C-F6CC-41B0-8959-B6E4CA5CC81E}.AppStore|ARM.Deploy.0 = Release|ARM
		{851E9D7C-F6CC-41B0-8959-B6E4CA5CC81E}.AppStore|iPhone.ActiveCfg = Release|x86
		{851E9D7C-F6CC-41B0-8959-B6E4CA5CC81E}.AppStore|iPhone.Build.0 = Release|x86
		{851E9D7C-F6CC-41B0-8959-B6E4CA5CC81E}.AppStore|iPhone.Deploy.0 = Release|x86
		{851E9D7C-F6CC-41B0-8959-B6E4CA5CC81E}.AppStore|iPhoneSimulator.ActiveCfg = Release|x86
		{851E9D7C-F6CC-41B0-8959-B6E4CA5CC81E}.AppStore|iPhoneSimulator.Build.0 = Release|x86
		{851E9D7C-F6CC-41B0-8959-B6E4CA5CC81E}.AppStore|iPhoneSimulator.Deploy.0 = Release|x86
		{851E9D7C-F6CC-41B0-8959-B6E4CA5CC81E}.AppStore|x64.ActiveCfg = Release|x64
		{851E9D7C-F6CC-41B0-8959-B6E4CA5CC81E}.AppStore|x64.Build.0 = Release|x64
		{851E9D7C-F6CC-41B0-8959-B6E4CA5CC81E}.AppStore|x64.Deploy.0 = Release|x64
		{851E9D7C-F6CC-41B0-8959-B6E4CA5CC81E}.AppStore|x86.ActiveCfg = Release|x86
		{851E9D7C-F6CC-41B0-8959-B6E4CA5CC81E}.AppStore|x86.Build.0 = Release|x86
		{851E9D7C-F6CC-41B0-8959-B6E4CA5CC81E}.AppStore|x86.Deploy.0 = Release|x86
		{851E9D7C-F6CC-41B0-8959-B6E4CA5CC81E}.Debug|Any CPU.ActiveCfg = Debug|x86
		{851E9D7C-F6CC-41B0-8959-B6E4CA5CC81E}.Debug|ARM.ActiveCfg = Debug|ARM
		{851E9D7C-F6CC-41B0-8959-B6E4CA5CC81E}.Debug|ARM.Build.0 = Debug|ARM
		{851E9D7C-F6CC-41B0-8959-B6E4CA5CC81E}.Debug|ARM.Deploy.0 = Debug|ARM
		{851E9D7C-F6CC-41B0-8959-B6E4CA5CC81E}.Debug|iPhone.ActiveCfg = Debug|x86
		{851E9D7C-F6CC-41B0-8959-B6E4CA5CC81E}.Debug|iPhoneSimulator.ActiveCfg = Debug|x86
		{851E9D7C-F6CC-41B0-8959-B6E4CA5CC81E}.Debug|x64.ActiveCfg = Debug|x64
		{851E9D7C-F6CC-41B0-8959-B6E4CA5CC81E}.Debug|x64.Build.0 = Debug|x64
		{851E9D7C-F6CC-41B0-8959-B6E4CA5CC81E}.Debug|x64.Deploy.0 = Debug|x64
		{851E9D7C-F6CC-41B0-8959-B6E4CA5CC81E}.Debug|x86.ActiveCfg = Debug|x86
		{851E9D7C-F6CC-41B0-8959-B6E4CA5CC81E}.Debug|x86.Build.0 = Debug|x86
		{851E9D7C-F6CC-41B0-8959-B6E4CA5CC81E}.Debug|x86.Deploy.0 = Debug|x86
		{851E9D7C-F6CC-41B0-8959-B6E4CA5CC81E}.Release|Any CPU.ActiveCfg = Release|x86
		{851E9D7C-F6CC-41B0-8959-B6E4CA5CC81E}.Release|ARM.ActiveCfg = Release|ARM
		{851E9D7C-F6CC-41B0-8959-B6E4CA5CC81E}.Release|ARM.Build.0 = Release|ARM
		{851E9D7C-F6CC-41B0-8959-B6E4CA5CC81E}.Release|ARM.Deploy.0 = Release|ARM
		{851E9D7C-F6CC-41B0-8959-B6E4CA5CC81E}.Release|iPhone.ActiveCfg = Release|x86
		{851E9D7C-F6CC-41B0-8959-B6E4CA5CC81E}.Release|iPhoneSimulator.ActiveCfg = Release|x86
		{851E9D7C-F6CC-41B0-8959-B6E4CA5CC81E}.Release|x64.ActiveCfg = Release|x64
		{851E9D7C-F6CC-41B0-8959-B6E4CA5CC81E}.Release|x64.Build.0 = Release|x64
		{851E9D7C-F6CC-41B0-8959-B6E4CA5CC81E}.Release|x64.Deploy.0 = Release|x64
		{851E9D7C-F6CC-41B0-8959-B6E4CA5CC81E}.Release|x86.ActiveCfg = Release|x86
		{851E9D7C-F6CC-41B0-8959-B6E4CA5CC81E}.Release|x86.Build.0 = Release|x86
		{851E9D7C-F6CC-41B0-8959-B6E4CA5CC81E}.Release|x86.Deploy.0 = Release|x86
		{CB1525E2-9D7C-43CD-81C6-EEFA741AF821}.Ad-Hoc|Any CPU.ActiveCfg = Debug|Any CPU
		{CB1525E2-9D7C-43CD-81C6-EEFA741AF821}.Ad-Hoc|Any CPU.Build.0 = Debug|Any CPU
		{CB1525E2-9D7C-43CD-81C6-EEFA741AF821}.Ad-Hoc|ARM.ActiveCfg = Debug|Any CPU
		{CB1525E2-9D7C-43CD-81C6-EEFA741AF821}.Ad-Hoc|ARM.Build.0 = Debug|Any CPU
		{CB1525E2-9D7C-43CD-81C6-EEFA741AF821}.Ad-Hoc|iPhone.ActiveCfg = Debug|Any CPU
		{CB1525E2-9D7C-43CD-81C6-EEFA741AF821}.Ad-Hoc|iPhone.Build.0 = Debug|Any CPU
		{CB1525E2-9D7C-43CD-81C6-EEFA741AF821}.Ad-Hoc|iPhoneSimulator.ActiveCfg = Debug|Any CPU
		{CB1525E2-9D7C-43CD-81C6-EEFA741AF821}.Ad-Hoc|iPhoneSimulator.Build.0 = Debug|Any CPU
		{CB1525E2-9D7C-43CD-81C6-EEFA741AF821}.Ad-Hoc|x64.ActiveCfg = Debug|Any CPU
		{CB1525E2-9D7C-43CD-81C6-EEFA741AF821}.Ad-Hoc|x64.Build.0 = Debug|Any CPU
		{CB1525E2-9D7C-43CD-81C6-EEFA741AF821}.Ad-Hoc|x86.ActiveCfg = Debug|Any CPU
		{CB1525E2-9D7C-43CD-81C6-EEFA741AF821}.Ad-Hoc|x86.Build.0 = Debug|Any CPU
		{CB1525E2-9D7C-43CD-81C6-EEFA741AF821}.AppStore|Any CPU.ActiveCfg = Debug|Any CPU
		{CB1525E2-9D7C-43CD-81C6-EEFA741AF821}.AppStore|Any CPU.Build.0 = Debug|Any CPU
		{CB1525E2-9D7C-43CD-81C6-EEFA741AF821}.AppStore|ARM.ActiveCfg = Debug|Any CPU
		{CB1525E2-9D7C-43CD-81C6-EEFA741AF821}.AppStore|ARM.Build.0 = Debug|Any CPU
		{CB1525E2-9D7C-43CD-81C6-EEFA741AF821}.AppStore|iPhone.ActiveCfg = Debug|Any CPU
		{CB1525E2-9D7C-43CD-81C6-EEFA741AF821}.AppStore|iPhone.Build.0 = Debug|Any CPU
		{CB1525E2-9D7C-43CD-81C6-EEFA741AF821}.AppStore|iPhoneSimulator.ActiveCfg = Debug|Any CPU
		{CB1525E2-9D7C-43CD-81C6-EEFA741AF821}.AppStore|iPhoneSimulator.Build.0 = Debug|Any CPU
		{CB1525E2-9D7C-43CD-81C6-EEFA741AF821}.AppStore|x64.ActiveCfg = Debug|Any CPU
		{CB1525E2-9D7C-43CD-81C6-EEFA741AF821}.AppStore|x64.Build.0 = Debug|Any CPU
		{CB1525E2-9D7C-43CD-81C6-EEFA741AF821}.AppStore|x86.ActiveCfg = Debug|Any CPU
		{CB1525E2-9D7C-43CD-81C6-EEFA741AF821}.AppStore|x86.Build.0 = Debug|Any CPU
		{CB1525E2-9D7C-43CD-81C6-EEFA741AF821}.Debug|Any CPU.ActiveCfg = Debug|Any CPU
		{CB1525E2-9D7C-43CD-81C6-EEFA741AF821}.Debug|Any CPU.Build.0 = Debug|Any CPU
		{CB1525E2-9D7C-43CD-81C6-EEFA741AF821}.Debug|ARM.ActiveCfg = Debug|Any CPU
		{CB1525E2-9D7C-43CD-81C6-EEFA741AF821}.Debug|ARM.Build.0 = Debug|Any CPU
		{CB1525E2-9D7C-43CD-81C6-EEFA741AF821}.Debug|iPhone.ActiveCfg = Debug|Any CPU
		{CB1525E2-9D7C-43CD-81C6-EEFA741AF821}.Debug|iPhone.Build.0 = Debug|Any CPU
		{CB1525E2-9D7C-43CD-81C6-EEFA741AF821}.Debug|iPhoneSimulator.ActiveCfg = Debug|Any CPU
		{CB1525E2-9D7C-43CD-81C6-EEFA741AF821}.Debug|iPhoneSimulator.Build.0 = Debug|Any CPU
		{CB1525E2-9D7C-43CD-81C6-EEFA741AF821}.Debug|x64.ActiveCfg = Debug|Any CPU
		{CB1525E2-9D7C-43CD-81C6-EEFA741AF821}.Debug|x64.Build.0 = Debug|Any CPU
		{CB1525E2-9D7C-43CD-81C6-EEFA741AF821}.Debug|x86.ActiveCfg = Debug|Any CPU
		{CB1525E2-9D7C-43CD-81C6-EEFA741AF821}.Debug|x86.Build.0 = Debug|Any CPU
		{CB1525E2-9D7C-43CD-81C6-EEFA741AF821}.Release|Any CPU.ActiveCfg = Release|Any CPU
		{CB1525E2-9D7C-43CD-81C6-EEFA741AF821}.Release|Any CPU.Build.0 = Release|Any CPU
		{CB1525E2-9D7C-43CD-81C6-EEFA741AF821}.Release|ARM.ActiveCfg = Release|Any CPU
		{CB1525E2-9D7C-43CD-81C6-EEFA741AF821}.Release|ARM.Build.0 = Release|Any CPU
		{CB1525E2-9D7C-43CD-81C6-EEFA741AF821}.Release|iPhone.ActiveCfg = Release|Any CPU
		{CB1525E2-9D7C-43CD-81C6-EEFA741AF821}.Release|iPhone.Build.0 = Release|Any CPU
		{CB1525E2-9D7C-43CD-81C6-EEFA741AF821}.Release|iPhoneSimulator.ActiveCfg = Release|Any CPU
		{CB1525E2-9D7C-43CD-81C6-EEFA741AF821}.Release|iPhoneSimulator.Build.0 = Release|Any CPU
		{CB1525E2-9D7C-43CD-81C6-EEFA741AF821}.Release|x64.ActiveCfg = Release|Any CPU
		{CB1525E2-9D7C-43CD-81C6-EEFA741AF821}.Release|x64.Build.0 = Release|Any CPU
		{CB1525E2-9D7C-43CD-81C6-EEFA741AF821}.Release|x86.ActiveCfg = Release|Any CPU
		{CB1525E2-9D7C-43CD-81C6-EEFA741AF821}.Release|x86.Build.0 = Release|Any CPU
		{AF7350B8-9237-4F22-BE02-B7A9F8E5B870}.Ad-Hoc|Any CPU.ActiveCfg = Debug|Any CPU
		{AF7350B8-9237-4F22-BE02-B7A9F8E5B870}.Ad-Hoc|Any CPU.Build.0 = Debug|Any CPU
		{AF7350B8-9237-4F22-BE02-B7A9F8E5B870}.Ad-Hoc|ARM.ActiveCfg = Debug|Any CPU
		{AF7350B8-9237-4F22-BE02-B7A9F8E5B870}.Ad-Hoc|ARM.Build.0 = Debug|Any CPU
		{AF7350B8-9237-4F22-BE02-B7A9F8E5B870}.Ad-Hoc|iPhone.ActiveCfg = Debug|Any CPU
		{AF7350B8-9237-4F22-BE02-B7A9F8E5B870}.Ad-Hoc|iPhone.Build.0 = Debug|Any CPU
		{AF7350B8-9237-4F22-BE02-B7A9F8E5B870}.Ad-Hoc|iPhoneSimulator.ActiveCfg = Debug|Any CPU
		{AF7350B8-9237-4F22-BE02-B7A9F8E5B870}.Ad-Hoc|iPhoneSimulator.Build.0 = Debug|Any CPU
		{AF7350B8-9237-4F22-BE02-B7A9F8E5B870}.Ad-Hoc|x64.ActiveCfg = Debug|Any CPU
		{AF7350B8-9237-4F22-BE02-B7A9F8E5B870}.Ad-Hoc|x64.Build.0 = Debug|Any CPU
		{AF7350B8-9237-4F22-BE02-B7A9F8E5B870}.Ad-Hoc|x86.ActiveCfg = Debug|Any CPU
		{AF7350B8-9237-4F22-BE02-B7A9F8E5B870}.Ad-Hoc|x86.Build.0 = Debug|Any CPU
		{AF7350B8-9237-4F22-BE02-B7A9F8E5B870}.AppStore|Any CPU.ActiveCfg = Debug|Any CPU
		{AF7350B8-9237-4F22-BE02-B7A9F8E5B870}.AppStore|Any CPU.Build.0 = Debug|Any CPU
		{AF7350B8-9237-4F22-BE02-B7A9F8E5B870}.AppStore|ARM.ActiveCfg = Debug|Any CPU
		{AF7350B8-9237-4F22-BE02-B7A9F8E5B870}.AppStore|ARM.Build.0 = Debug|Any CPU
		{AF7350B8-9237-4F22-BE02-B7A9F8E5B870}.AppStore|iPhone.ActiveCfg = Debug|Any CPU
		{AF7350B8-9237-4F22-BE02-B7A9F8E5B870}.AppStore|iPhone.Build.0 = Debug|Any CPU
		{AF7350B8-9237-4F22-BE02-B7A9F8E5B870}.AppStore|iPhoneSimulator.ActiveCfg = Debug|Any CPU
		{AF7350B8-9237-4F22-BE02-B7A9F8E5B870}.AppStore|iPhoneSimulator.Build.0 = Debug|Any CPU
		{AF7350B8-9237-4F22-BE02-B7A9F8E5B870}.AppStore|x64.ActiveCfg = Debug|Any CPU
		{AF7350B8-9237-4F22-BE02-B7A9F8E5B870}.AppStore|x64.Build.0 = Debug|Any CPU
		{AF7350B8-9237-4F22-BE02-B7A9F8E5B870}.AppStore|x86.ActiveCfg = Debug|Any CPU
		{AF7350B8-9237-4F22-BE02-B7A9F8E5B870}.AppStore|x86.Build.0 = Debug|Any CPU
		{AF7350B8-9237-4F22-BE02-B7A9F8E5B870}.Debug|Any CPU.ActiveCfg = Debug|Any CPU
		{AF7350B8-9237-4F22-BE02-B7A9F8E5B870}.Debug|Any CPU.Build.0 = Debug|Any CPU
		{AF7350B8-9237-4F22-BE02-B7A9F8E5B870}.Debug|ARM.ActiveCfg = Debug|Any CPU
		{AF7350B8-9237-4F22-BE02-B7A9F8E5B870}.Debug|ARM.Build.0 = Debug|Any CPU
		{AF7350B8-9237-4F22-BE02-B7A9F8E5B870}.Debug|iPhone.ActiveCfg = Debug|Any CPU
		{AF7350B8-9237-4F22-BE02-B7A9F8E5B870}.Debug|iPhone.Build.0 = Debug|Any CPU
		{AF7350B8-9237-4F22-BE02-B7A9F8E5B870}.Debug|iPhoneSimulator.ActiveCfg = Debug|Any CPU
		{AF7350B8-9237-4F22-BE02-B7A9F8E5B870}.Debug|iPhoneSimulator.Build.0 = Debug|Any CPU
		{AF7350B8-9237-4F22-BE02-B7A9F8E5B870}.Debug|x64.ActiveCfg = Debug|Any CPU
		{AF7350B8-9237-4F22-BE02-B7A9F8E5B870}.Debug|x64.Build.0 = Debug|Any CPU
		{AF7350B8-9237-4F22-BE02-B7A9F8E5B870}.Debug|x86.ActiveCfg = Debug|Any CPU
		{AF7350B8-9237-4F22-BE02-B7A9F8E5B870}.Debug|x86.Build.0 = Debug|Any CPU
		{AF7350B8-9237-4F22-BE02-B7A9F8E5B870}.Release|Any CPU.ActiveCfg = Release|Any CPU
		{AF7350B8-9237-4F22-BE02-B7A9F8E5B870}.Release|Any CPU.Build.0 = Release|Any CPU
		{AF7350B8-9237-4F22-BE02-B7A9F8E5B870}.Release|ARM.ActiveCfg = Release|Any CPU
		{AF7350B8-9237-4F22-BE02-B7A9F8E5B870}.Release|ARM.Build.0 = Release|Any CPU
		{AF7350B8-9237-4F22-BE02-B7A9F8E5B870}.Release|iPhone.ActiveCfg = Release|Any CPU
		{AF7350B8-9237-4F22-BE02-B7A9F8E5B870}.Release|iPhone.Build.0 = Release|Any CPU
		{AF7350B8-9237-4F22-BE02-B7A9F8E5B870}.Release|iPhoneSimulator.ActiveCfg = Release|Any CPU
		{AF7350B8-9237-4F22-BE02-B7A9F8E5B870}.Release|iPhoneSimulator.Build.0 = Release|Any CPU
		{AF7350B8-9237-4F22-BE02-B7A9F8E5B870}.Release|x64.ActiveCfg = Release|Any CPU
		{AF7350B8-9237-4F22-BE02-B7A9F8E5B870}.Release|x64.Build.0 = Release|Any CPU
		{AF7350B8-9237-4F22-BE02-B7A9F8E5B870}.Release|x86.ActiveCfg = Release|Any CPU
		{AF7350B8-9237-4F22-BE02-B7A9F8E5B870}.Release|x86.Build.0 = Release|Any CPU
	EndGlobalSection
	GlobalSection(SolutionProperties) = preSolution
		HideSolutionNode = FALSE
	EndGlobalSection
	GlobalSection(ExtensibilityGlobals) = postSolution
		SolutionGuid = {95AC28F6-9B84-46CA-9736-488DD9CCD59A}
	EndGlobalSection
EndGlobal
